# THIS IS AN AUTOGENERATED FILE. DO NOT EDIT THIS FILE DIRECTLY.
# yarn lockfile v1


nodemailer@^6.6.5:
  version "6.6.5"
  resolved "https://registry.yarnpkg.com/nodemailer/-/nodemailer-6.6.5.tgz#f9f6953cee5cfe82cbea152eeddacf7a0442049a"
  integrity sha512-C/v856DBijUzHcHIgGpQoTrfsH3suKIRAGliIzCstatM2cAa+MYX3LuyCrABiO/cdJTxgBBHXxV1ztiqUwst5A==
